PODS:
  - Alamofire (4.7.3)
  - Cache (5.1.0)
  - Moya/Core (12.0.0-beta.1):
    - Alamofire (~> 4.1)
    - Result (~> 4.0)
  - Moya/RxSwift (12.0.0-beta.1):
    - Moya/Core
    - RxSwift (~> 4.0)
  - Result (4.0.0)
  - RxNetwork/Cache (0.8.6):
    - Cache
    - RxNetwork/Core
  - RxNetwork/Core (0.8.6):
    - Moya/RxSwift (= 12.0.0-beta.1)
  - RxSwift (4.3.0)

DEPENDENCIES:
  - Cache
  - Moya/RxSwift (= 12.0.0-beta.1)
  - RxNetwork/Cache (from `../`)

SPEC REPOS:
  https://github.com/cocoapods/specs.git:
    - Alamofire
    - Cache
    - Moya
    - Result
    - RxSwift

EXTERNAL SOURCES:
  RxNetwork:
    :path: "../"

SPEC CHECKSUMS:
  Alamofire: c7287b6e5d7da964a70935e5db17046b7fde6568
  Cache: 7737c595aae7d94c7c0feca2c887288624e3b07e
  Moya: 1b8d16b4dac4302c323ca95077a733836e73484a
  Result: 7645bb3f50c2ce726dd0ff2fa7b6f42bbe6c3713
  RxNetwork: ee097732dd80e9431dbbb090dafa1caf77db980b
  RxSwift: a9717a34df3179fe63563f76e046ad345078dd3a

PODFILE CHECKSUM: 3ff9fcced0bca0ec709a9dde98eb5e425a7cfe6c

COCOAPODS: 1.6.0.beta.1
