PODS:
  - Alamofire (4.8.2)
  - Cache (5.2.0)
  - CleanJSON (0.9.2)
  - Moya/Core (14.0.0-alpha.1):
    - Alamofire (~> 4.1)
    - Result (~> 4.1)
  - Moya/RxSwift (14.0.0-alpha.1):
    - Moya/Core
    - RxSwift (~> 5.0)
  - Result (4.1.0)
  - RxNetwork/Cacheable (0.11.0-beta):
    - RxNetwork/Core
  - RxNetwork/Core (0.11.0-beta):
    - Moya/RxSwift (= 14.0.0-alpha.1)
  - RxSwift (5.0.0)

DEPENDENCIES:
  - Cache
  - CleanJSON
  - RxNetwork/Cacheable (from `../`)

SPEC REPOS:
  https://github.com/cocoapods/specs.git:
    - Alamofire
    - Cache
    - CleanJSON
    - Moya
    - Result
    - RxSwift

EXTERNAL SOURCES:
  RxNetwork:
    :path: "../"

SPEC CHECKSUMS:
  Alamofire: ae5c501addb7afdbb13687d7f2f722c78734c2d3
  Cache: 807c5d86d01a177f06ede9865add3aea269bbfd4
  CleanJSON: 83e37238a637dad0ada84561d0a7d44a638e4655
  Moya: 65485239114b3b327a17dc2e839f6c8b7143aae9
  Result: bd966fac789cc6c1563440b348ab2598cc24d5c7
  RxNetwork: af40d4522dc768ca75d6f624a3a67e5dc89b9f81
  RxSwift: 8b0671caa829a763bbce7271095859121cbd895f

PODFILE CHECKSUM: 4fa0e0afe327356122173e8196a6dc884a8d1d96

COCOAPODS: 1.7.3
